{
	"name": "@defra/wls-file-queue-processor",
	"version": "3.1.0-alpha.0",
	"lockfileVersion": 2,
	"requires": true,
	"packages": {
		"": {
			"name": "@defra/wls-file-queue-processor",
			"version": "3.1.0-alpha.0",
			"license": "SEE LICENSE IN LICENCE",
			"dependencies": {
				"@azure/identity": "^2.1.0",
				"@microsoft/microsoft-graph-client": "^3.0.2",
				"dotenv": "^10.0.0"
			},
			"engines": {
				"node": ">=16.13.0"
			}
		},
		"../connectors-lib": {
			"name": "@defra/wls-connectors-lib",
			"version": "2.7.0-alpha.0",
			"extraneous": true,
			"license": "SEE LICENSE IN LICENCE",
			"dependencies": {
				"@aws-sdk/client-s3": "^3.137.0",
				"@azure/identity": "^2.1.0",
				"@microsoft/microsoft-graph-client": "^3.0.2",
				"bull": "^4.1.1",
				"debug": "^4.3.3",
				"isomorphic-fetch": "^3.0.0",
				"lodash.clonedeep": "^4.5.0",
				"lodash.get": "^4.3.2",
				"lodash.has": "^4.3.2",
				"lodash.set": "^4.3.2",
				"node-fetch": "2.6.1",
				"pg": "^8.7.1",
				"pg-hstore": "^2.3.4",
				"redis": "^4.0.0",
				"sequelize": "^6.19.0",
				"simple-oauth2": "^4.2.0"
			},
			"devDependencies": {
				"@microsoft/microsoft-graph-types": "^2.22.0"
			},
			"engines": {
				"node": ">=16.13.0"
			}
		},
		"../database-model": {
			"name": "@defra/wls-database-model",
			"version": "2.7.0-alpha.0",
			"extraneous": true,
			"license": "SEE LICENSE IN LICENCE",
			"dependencies": {
				"@defra/wls-connectors-lib": "^2.7.0-alpha.0",
				"debug": "^4.3.3",
				"uuid": "^8.3.2"
			},
			"engines": {
				"node": ">=16.13.0"
			}
		},
		"../powerapps-lib": {
			"name": "@defra/wls-powerapps-lib",
			"version": "2.7.0-alpha.0",
			"extraneous": true,
			"license": "SEE LICENSE IN LICENCE",
			"dependencies": {
				"@defra/wls-connectors-lib": "^2.7.0-alpha.0",
				"lodash.clonedeep": "^4.5.0",
				"lodash.get": "^4.3.2",
				"lodash.has": "^4.3.2",
				"lodash.set": "^4.3.2",
				"uuid": "^8.3.2"
			},
			"engines": {
				"node": ">=16.13.0"
			}
		},
		"../queue-defs": {
			"name": "@defra/wls-queue-defs",
			"version": "2.7.0-alpha.0",
			"extraneous": true,
			"license": "SEE LICENSE IN LICENCE",
			"dependencies": {
				"@defra/wls-connectors-lib": "^2.7.0-alpha.0",
				"bull": "^4.1.1",
				"debug": "^4.3.3"
			},
			"engines": {
				"node": ">=16.13.0"
			}
		},
		"node_modules/@azure/abort-controller": {
			"version": "1.1.0",
			"license": "MIT",
			"dependencies": {
				"tslib": "^2.2.0"
			},
			"engines": {
				"node": ">=12.0.0"
			}
		},
		"node_modules/@azure/core-auth": {
			"version": "1.4.0",
			"license": "MIT",
			"dependencies": {
				"@azure/abort-controller": "^1.0.0",
				"tslib": "^2.2.0"
			},
			"engines": {
				"node": ">=12.0.0"
			}
		},
		"node_modules/@azure/core-client": {
			"version": "1.6.1",
			"license": "MIT",
			"dependencies": {
				"@azure/abort-controller": "^1.0.0",
				"@azure/core-auth": "^1.4.0",
				"@azure/core-rest-pipeline": "^1.9.1",
				"@azure/core-tracing": "^1.0.0",
				"@azure/core-util": "^1.0.0",
				"@azure/logger": "^1.0.0",
				"tslib": "^2.2.0"
			},
			"engines": {
				"node": ">=12.0.0"
			}
		},
		"node_modules/@azure/core-rest-pipeline": {
			"version": "1.9.1",
			"license": "MIT",
			"dependencies": {
				"@azure/abort-controller": "^1.0.0",
				"@azure/core-auth": "^1.4.0",
				"@azure/core-tracing": "^1.0.1",
				"@azure/core-util": "^1.0.0",
				"@azure/logger": "^1.0.0",
				"form-data": "^4.0.0",
				"http-proxy-agent": "^5.0.0",
				"https-proxy-agent": "^5.0.0",
				"tslib": "^2.2.0",
				"uuid": "^8.3.0"
			},
			"engines": {
				"node": ">=12.0.0"
			}
		},
		"node_modules/@azure/core-tracing": {
			"version": "1.0.1",
			"license": "MIT",
			"dependencies": {
				"tslib": "^2.2.0"
			},
			"engines": {
				"node": ">=12.0.0"
			}
		},
		"node_modules/@azure/core-util": {
			"version": "1.0.0",
			"license": "MIT",
			"dependencies": {
				"tslib": "^2.2.0"
			},
			"engines": {
				"node": ">=12.0.0"
			}
		},
		"node_modules/@azure/identity": {
			"version": "2.1.0",
			"license": "MIT",
			"dependencies": {
				"@azure/abort-controller": "^1.0.0",
				"@azure/core-auth": "^1.3.0",
				"@azure/core-client": "^1.4.0",
				"@azure/core-rest-pipeline": "^1.1.0",
				"@azure/core-tracing": "^1.0.0",
				"@azure/core-util": "^1.0.0",
				"@azure/logger": "^1.0.0",
				"@azure/msal-browser": "^2.26.0",
				"@azure/msal-common": "^7.0.0",
				"@azure/msal-node": "^1.10.0",
				"events": "^3.0.0",
				"jws": "^4.0.0",
				"open": "^8.0.0",
				"stoppable": "^1.1.0",
				"tslib": "^2.2.0",
				"uuid": "^8.3.0"
			},
			"engines": {
				"node": ">=12.0.0"
			}
		},
		"node_modules/@azure/logger": {
			"version": "1.0.3",
			"license": "MIT",
			"dependencies": {
				"tslib": "^2.2.0"
			},
			"engines": {
				"node": ">=12.0.0"
			}
		},
		"node_modules/@azure/msal-browser": {
			"version": "2.28.1",
			"license": "MIT",
			"dependencies": {
				"@azure/msal-common": "^7.3.0"
			},
			"engines": {
				"node": ">=0.8.0"
			}
		},
		"node_modules/@azure/msal-common": {
			"version": "7.3.0",
			"license": "MIT",
			"engines": {
				"node": ">=0.8.0"
			}
		},
		"node_modules/@azure/msal-node": {
			"version": "1.12.1",
			"license": "MIT",
			"dependencies": {
				"@azure/msal-common": "^7.3.0",
				"jsonwebtoken": "^8.5.1",
				"uuid": "^8.3.0"
			},
			"engines": {
				"node": "10 || 12 || 14 || 16 || 18"
			}
		},
		"node_modules/@babel/runtime": {
			"version": "7.18.9",
			"license": "MIT",
			"dependencies": {
				"regenerator-runtime": "^0.13.4"
			},
			"engines": {
				"node": ">=6.9.0"
			}
		},
		"node_modules/@microsoft/microsoft-graph-client": {
			"version": "3.0.2",
			"license": "MIT",
			"dependencies": {
				"@babel/runtime": "^7.12.5",
				"tslib": "^2.2.0"
			},
			"engines": {
				"node": ">=12.0.0"
			},
			"peerDependenciesMeta": {
				"@azure/identity": {
					"optional": true
				},
				"@azure/msal-browser": {
					"optional": true
				},
				"buffer": {
					"optional": true
				},
				"stream-browserify": {
					"optional": true
				}
			}
		},
		"node_modules/@tootallnate/once": {
			"version": "2.0.0",
			"license": "MIT",
			"engines": {
				"node": ">= 10"
			}
		},
		"node_modules/agent-base": {
			"version": "6.0.2",
			"license": "MIT",
			"dependencies": {
				"debug": "4"
			},
			"engines": {
				"node": ">= 6.0.0"
			}
		},
		"node_modules/asynckit": {
			"version": "0.4.0",
			"license": "MIT"
		},
		"node_modules/buffer-equal-constant-time": {
			"version": "1.0.1",
			"license": "BSD-3-Clause"
		},
		"node_modules/combined-stream": {
			"version": "1.0.8",
			"license": "MIT",
			"dependencies": {
				"delayed-stream": "~1.0.0"
			},
			"engines": {
				"node": ">= 0.8"
			}
		},
		"node_modules/debug": {
			"version": "4.3.4",
			"license": "MIT",
			"dependencies": {
				"ms": "2.1.2"
			},
			"engines": {
				"node": ">=6.0"
			},
			"peerDependenciesMeta": {
				"supports-color": {
					"optional": true
				}
			}
		},
		"node_modules/define-lazy-prop": {
			"version": "2.0.0",
			"license": "MIT",
			"engines": {
				"node": ">=8"
			}
		},
		"node_modules/delayed-stream": {
			"version": "1.0.0",
			"license": "MIT",
			"engines": {
				"node": ">=0.4.0"
			}
		},
		"node_modules/dotenv": {
			"version": "10.0.0",
			"license": "BSD-2-Clause",
			"engines": {
				"node": ">=10"
			}
		},
		"node_modules/ecdsa-sig-formatter": {
			"version": "1.0.11",
			"license": "Apache-2.0",
			"dependencies": {
				"safe-buffer": "^5.0.1"
			}
		},
		"node_modules/events": {
			"version": "3.3.0",
			"license": "MIT",
			"engines": {
				"node": ">=0.8.x"
			}
		},
		"node_modules/form-data": {
			"version": "4.0.0",
			"license": "MIT",
			"dependencies": {
				"asynckit": "^0.4.0",
				"combined-stream": "^1.0.8",
				"mime-types": "^2.1.12"
			},
			"engines": {
				"node": ">= 6"
			}
		},
		"node_modules/http-proxy-agent": {
			"version": "5.0.0",
			"license": "MIT",
			"dependencies": {
				"@tootallnate/once": "2",
				"agent-base": "6",
				"debug": "4"
			},
			"engines": {
				"node": ">= 6"
			}
		},
		"node_modules/https-proxy-agent": {
			"version": "5.0.1",
			"license": "MIT",
			"dependencies": {
				"agent-base": "6",
				"debug": "4"
			},
			"engines": {
				"node": ">= 6"
			}
		},
		"node_modules/is-docker": {
			"version": "2.2.1",
			"license": "MIT",
			"bin": {
				"is-docker": "cli.js"
			},
			"engines": {
				"node": ">=8"
			},
			"funding": {
				"url": "https://github.com/sponsors/sindresorhus"
			}
		},
		"node_modules/is-wsl": {
			"version": "2.2.0",
			"license": "MIT",
			"dependencies": {
				"is-docker": "^2.0.0"
			},
			"engines": {
				"node": ">=8"
			}
		},
		"node_modules/jsonwebtoken": {
			"version": "8.5.1",
			"license": "MIT",
			"dependencies": {
				"jws": "^3.2.2",
				"lodash.includes": "^4.3.0",
				"lodash.isboolean": "^3.0.3",
				"lodash.isinteger": "^4.0.4",
				"lodash.isnumber": "^3.0.3",
				"lodash.isplainobject": "^4.0.6",
				"lodash.isstring": "^4.0.1",
				"lodash.once": "^4.0.0",
				"ms": "^2.1.1",
				"semver": "^5.6.0"
			},
			"engines": {
				"node": ">=4",
				"npm": ">=1.4.28"
			}
		},
		"node_modules/jsonwebtoken/node_modules/jwa": {
			"version": "1.4.1",
			"license": "MIT",
			"dependencies": {
				"buffer-equal-constant-time": "1.0.1",
				"ecdsa-sig-formatter": "1.0.11",
				"safe-buffer": "^5.0.1"
			}
		},
		"node_modules/jsonwebtoken/node_modules/jws": {
			"version": "3.2.2",
			"license": "MIT",
			"dependencies": {
				"jwa": "^1.4.1",
				"safe-buffer": "^5.0.1"
			}
		},
		"node_modules/jwa": {
			"version": "2.0.0",
			"license": "MIT",
			"dependencies": {
				"buffer-equal-constant-time": "1.0.1",
				"ecdsa-sig-formatter": "1.0.11",
				"safe-buffer": "^5.0.1"
			}
		},
		"node_modules/jws": {
			"version": "4.0.0",
			"license": "MIT",
			"dependencies": {
				"jwa": "^2.0.0",
				"safe-buffer": "^5.0.1"
			}
		},
		"node_modules/lodash.includes": {
			"version": "4.3.0",
			"license": "MIT"
		},
		"node_modules/lodash.isboolean": {
			"version": "3.0.3",
			"license": "MIT"
		},
		"node_modules/lodash.isinteger": {
			"version": "4.0.4",
			"license": "MIT"
		},
		"node_modules/lodash.isnumber": {
			"version": "3.0.3",
			"license": "MIT"
		},
		"node_modules/lodash.isplainobject": {
			"version": "4.0.6",
			"license": "MIT"
		},
		"node_modules/lodash.isstring": {
			"version": "4.0.1",
			"license": "MIT"
		},
		"node_modules/lodash.once": {
			"version": "4.1.1",
			"license": "MIT"
		},
		"node_modules/mime-db": {
			"version": "1.52.0",
			"license": "MIT",
			"engines": {
				"node": ">= 0.6"
			}
		},
		"node_modules/mime-types": {
			"version": "2.1.35",
			"license": "MIT",
			"dependencies": {
				"mime-db": "1.52.0"
			},
			"engines": {
				"node": ">= 0.6"
			}
		},
		"node_modules/ms": {
			"version": "2.1.2",
			"license": "MIT"
		},
		"node_modules/open": {
			"version": "8.4.0",
			"license": "MIT",
			"dependencies": {
				"define-lazy-prop": "^2.0.0",
				"is-docker": "^2.1.1",
				"is-wsl": "^2.2.0"
			},
			"engines": {
				"node": ">=12"
			},
			"funding": {
				"url": "https://github.com/sponsors/sindresorhus"
			}
		},
		"node_modules/regenerator-runtime": {
			"version": "0.13.9",
			"license": "MIT"
		},
		"node_modules/safe-buffer": {
			"version": "5.2.1",
			"funding": [
				{
					"type": "github",
					"url": "https://github.com/sponsors/feross"
				},
				{
					"type": "patreon",
					"url": "https://www.patreon.com/feross"
				},
				{
					"type": "consulting",
					"url": "https://feross.org/support"
				}
			],
			"license": "MIT"
		},
		"node_modules/semver": {
			"version": "5.7.1",
			"license": "ISC",
			"bin": {
				"semver": "bin/semver"
			}
		},
		"node_modules/stoppable": {
			"version": "1.1.0",
			"license": "MIT",
			"engines": {
				"node": ">=4",
				"npm": ">=6"
			}
		},
		"node_modules/tslib": {
			"version": "2.4.0",
			"license": "0BSD"
		},
		"node_modules/uuid": {
			"version": "8.3.2",
			"license": "MIT",
			"bin": {
				"uuid": "dist/bin/uuid"
			}
		}
	},
	"dependencies": {
		"@azure/abort-controller": {
			"version": "1.1.0",
			"requires": {
				"tslib": "^2.2.0"
			}
		},
		"@azure/core-auth": {
			"version": "1.4.0",
			"requires": {
				"@azure/abort-controller": "^1.0.0",
				"tslib": "^2.2.0"
			}
		},
		"@azure/core-client": {
			"version": "1.6.1",
			"requires": {
				"@azure/abort-controller": "^1.0.0",
				"@azure/core-auth": "^1.4.0",
				"@azure/core-rest-pipeline": "^1.9.1",
				"@azure/core-tracing": "^1.0.0",
				"@azure/core-util": "^1.0.0",
				"@azure/logger": "^1.0.0",
				"tslib": "^2.2.0"
			}
		},
		"@azure/core-rest-pipeline": {
			"version": "1.9.1",
			"requires": {
				"@azure/abort-controller": "^1.0.0",
				"@azure/core-auth": "^1.4.0",
				"@azure/core-tracing": "^1.0.1",
				"@azure/core-util": "^1.0.0",
				"@azure/logger": "^1.0.0",
				"form-data": "^4.0.0",
				"http-proxy-agent": "^5.0.0",
				"https-proxy-agent": "^5.0.0",
				"tslib": "^2.2.0",
				"uuid": "^8.3.0"
			}
		},
		"@azure/core-tracing": {
			"version": "1.0.1",
			"requires": {
				"tslib": "^2.2.0"
			}
		},
		"@azure/core-util": {
			"version": "1.0.0",
			"requires": {
				"tslib": "^2.2.0"
			}
		},
		"@azure/identity": {
			"version": "2.1.0",
			"requires": {
				"@azure/abort-controller": "^1.0.0",
				"@azure/core-auth": "^1.3.0",
				"@azure/core-client": "^1.4.0",
				"@azure/core-rest-pipeline": "^1.1.0",
				"@azure/core-tracing": "^1.0.0",
				"@azure/core-util": "^1.0.0",
				"@azure/logger": "^1.0.0",
				"@azure/msal-browser": "^2.26.0",
				"@azure/msal-common": "^7.0.0",
				"@azure/msal-node": "^1.10.0",
				"events": "^3.0.0",
				"jws": "^4.0.0",
				"open": "^8.0.0",
				"stoppable": "^1.1.0",
				"tslib": "^2.2.0",
				"uuid": "^8.3.0"
			}
		},
		"@azure/logger": {
			"version": "1.0.3",
			"requires": {
				"tslib": "^2.2.0"
			}
		},
		"@azure/msal-browser": {
			"version": "2.28.1",
			"requires": {
				"@azure/msal-common": "^7.3.0"
			}
		},
		"@azure/msal-common": {
			"version": "7.3.0"
		},
		"@azure/msal-node": {
			"version": "1.12.1",
			"requires": {
				"@azure/msal-common": "^7.3.0",
				"jsonwebtoken": "^8.5.1",
				"uuid": "^8.3.0"
			}
		},
		"@babel/runtime": {
			"version": "7.18.9",
			"requires": {
				"regenerator-runtime": "^0.13.4"
			}
		},
		"@microsoft/microsoft-graph-client": {
			"version": "3.0.2",
			"requires": {
				"@babel/runtime": "^7.12.5",
				"tslib": "^2.2.0"
			}
		},
		"@tootallnate/once": {
			"version": "2.0.0"
		},
		"agent-base": {
			"version": "6.0.2",
			"requires": {
				"debug": "4"
			}
		},
		"asynckit": {
			"version": "0.4.0"
		},
		"buffer-equal-constant-time": {
			"version": "1.0.1"
		},
		"combined-stream": {
			"version": "1.0.8",
			"requires": {
				"delayed-stream": "~1.0.0"
			}
		},
		"debug": {
			"version": "4.3.4",
			"requires": {
				"ms": "2.1.2"
			}
		},
		"define-lazy-prop": {
			"version": "2.0.0"
		},
		"delayed-stream": {
			"version": "1.0.0"
		},
		"dotenv": {
			"version": "10.0.0"
		},
		"ecdsa-sig-formatter": {
			"version": "1.0.11",
			"requires": {
				"safe-buffer": "^5.0.1"
			}
		},
		"events": {
			"version": "3.3.0"
		},
		"form-data": {
			"version": "4.0.0",
			"requires": {
				"asynckit": "^0.4.0",
				"combined-stream": "^1.0.8",
				"mime-types": "^2.1.12"
			}
		},
		"http-proxy-agent": {
			"version": "5.0.0",
			"requires": {
				"@tootallnate/once": "2",
				"agent-base": "6",
				"debug": "4"
			}
		},
		"https-proxy-agent": {
			"version": "5.0.1",
			"requires": {
				"agent-base": "6",
				"debug": "4"
			}
		},
		"is-docker": {
			"version": "2.2.1"
		},
		"is-wsl": {
			"version": "2.2.0",
			"requires": {
				"is-docker": "^2.0.0"
			}
		},
		"jsonwebtoken": {
			"version": "8.5.1",
			"requires": {
				"jws": "^3.2.2",
				"lodash.includes": "^4.3.0",
				"lodash.isboolean": "^3.0.3",
				"lodash.isinteger": "^4.0.4",
				"lodash.isnumber": "^3.0.3",
				"lodash.isplainobject": "^4.0.6",
				"lodash.isstring": "^4.0.1",
				"lodash.once": "^4.0.0",
				"ms": "^2.1.1",
				"semver": "^5.6.0"
			},
			"dependencies": {
				"jwa": {
					"version": "1.4.1",
					"requires": {
						"buffer-equal-constant-time": "1.0.1",
						"ecdsa-sig-formatter": "1.0.11",
						"safe-buffer": "^5.0.1"
					}
				},
				"jws": {
					"version": "3.2.2",
					"requires": {
						"jwa": "^1.4.1",
						"safe-buffer": "^5.0.1"
					}
				}
			}
		},
		"jwa": {
			"version": "2.0.0",
			"requires": {
				"buffer-equal-constant-time": "1.0.1",
				"ecdsa-sig-formatter": "1.0.11",
				"safe-buffer": "^5.0.1"
			}
		},
		"jws": {
			"version": "4.0.0",
			"requires": {
				"jwa": "^2.0.0",
				"safe-buffer": "^5.0.1"
			}
		},
		"lodash.includes": {
			"version": "4.3.0"
		},
		"lodash.isboolean": {
			"version": "3.0.3"
		},
		"lodash.isinteger": {
			"version": "4.0.4"
		},
		"lodash.isnumber": {
			"version": "3.0.3"
		},
		"lodash.isplainobject": {
			"version": "4.0.6"
		},
		"lodash.isstring": {
			"version": "4.0.1"
		},
		"lodash.once": {
			"version": "4.1.1"
		},
		"mime-db": {
			"version": "1.52.0"
		},
		"mime-types": {
			"version": "2.1.35",
			"requires": {
				"mime-db": "1.52.0"
			}
		},
		"ms": {
			"version": "2.1.2"
		},
		"open": {
			"version": "8.4.0",
			"requires": {
				"define-lazy-prop": "^2.0.0",
				"is-docker": "^2.1.1",
				"is-wsl": "^2.2.0"
			}
		},
		"regenerator-runtime": {
			"version": "0.13.9"
		},
		"safe-buffer": {
			"version": "5.2.1"
		},
		"semver": {
			"version": "5.7.1"
		},
		"stoppable": {
			"version": "1.1.0"
		},
		"tslib": {
			"version": "2.4.0"
		},
		"uuid": {
			"version": "8.3.2"
		}
	}
}
