{
	"name": "@defra/wls-application-extract-processor",
	"version": "12.3.17-alpha.0",
	"lockfileVersion": 2,
	"requires": true,
	"packages": {
		"": {
			"name": "@defra/wls-application-extract-processor",
			"version": "12.3.17-alpha.0",
			"license": "SEE LICENSE IN LICENCE",
			"dependencies": {
				"debug": "^4.3.3",
				"dotenv": "^10.0.0",
				"object-hash": "^2.2.0",
				"sequelize": "^6.12.5"
			},
			"engines": {
				"node": ">=16.13.0"
			}
		},
		"node_modules/@types/debug": {
			"version": "4.1.12",
			"resolved": "https://registry.npmjs.org/@types/debug/-/debug-4.1.12.tgz",
			"integrity": "sha512-vIChWdVG3LG1SMxEvI/AK+FWJthlrqlTu7fbrlywTkkaONwk/UAGaULXRlf8vkzFBLVm0zkMdCquhL5aOjhXPQ==",
			"dependencies": {
				"@types/ms": "*"
			}
		},
		"node_modules/@types/ms": {
			"version": "0.7.34",
			"resolved": "https://registry.npmjs.org/@types/ms/-/ms-0.7.34.tgz",
			"integrity": "sha512-nG96G3Wp6acyAgJqGasjODb+acrI7KltPiRxzHPXnP3NgI28bpQDRv53olbqGXbfcgF5aiiHmO3xpwEpS5Ld9g=="
		},
		"node_modules/@types/node": {
			"version": "17.0.19",
			"resolved": "https://registry.npmjs.org/@types/node/-/node-17.0.19.tgz",
			"integrity": "sha512-PfeQhvcMR4cPFVuYfBN4ifG7p9c+Dlh3yUZR6k+5yQK7wX3gDgVxBly4/WkBRs9x4dmcy1TVl08SY67wwtEvmA=="
		},
		"node_modules/@types/validator": {
			"version": "13.11.7",
			"resolved": "https://registry.npmjs.org/@types/validator/-/validator-13.11.7.tgz",
			"integrity": "sha512-q0JomTsJ2I5Mv7dhHhQLGjMvX0JJm5dyZ1DXQySIUzU1UlwzB8bt+R6+LODUbz0UDIOvEzGc28tk27gBJw2N8Q=="
		},
		"node_modules/debug": {
			"version": "4.3.4",
			"resolved": "https://registry.npmjs.org/debug/-/debug-4.3.4.tgz",
			"integrity": "sha512-PRWFHuSU3eDtQJPvnNY7Jcket1j0t5OuOsFzPPzsekD52Zl8qUfFIPEiswXqIvHWGVHOgX+7G/vCNNhehwxfkQ==",
			"dependencies": {
				"ms": "2.1.2"
			},
			"engines": {
				"node": ">=6.0"
			},
			"peerDependenciesMeta": {
				"supports-color": {
					"optional": true
				}
			}
		},
		"node_modules/dotenv": {
			"version": "10.0.0",
			"resolved": "https://registry.npmjs.org/dotenv/-/dotenv-10.0.0.tgz",
			"integrity": "sha512-rlBi9d8jpv9Sf1klPjNfFAuWDjKLwTIJJ/VxtoTwIR6hnZxcEOQCZg2oIL3MWBYw5GpUDKOEnND7LXTbIpQ03Q==",
			"engines": {
				"node": ">=10"
			}
		},
		"node_modules/dottie": {
			"version": "2.0.6",
			"resolved": "https://registry.npmjs.org/dottie/-/dottie-2.0.6.tgz",
			"integrity": "sha512-iGCHkfUc5kFekGiqhe8B/mdaurD+lakO9txNnTvKtA6PISrw86LgqHvRzWYPyoE2Ph5aMIrCw9/uko6XHTKCwA=="
		},
		"node_modules/inflection": {
			"version": "1.13.4",
			"resolved": "https://registry.npmjs.org/inflection/-/inflection-1.13.4.tgz",
			"integrity": "sha512-6I/HUDeYFfuNCVS3td055BaXBwKYuzw7K3ExVMStBowKo9oOAMJIXIHvdyR3iboTCp1b+1i5DSkIZTcwIktuDw==",
			"engines": [
				"node >= 0.4.0"
			]
		},
		"node_modules/lodash": {
			"version": "4.17.21",
			"resolved": "https://registry.npmjs.org/lodash/-/lodash-4.17.21.tgz",
			"integrity": "sha512-v2kDEe57lecTulaDIuNTPy3Ry4gLGJ6Z1O3vE1krgXZNrsQ+LFTGHVxVjcXPs17LhbZVGedAJv8XZ1tvj5FvSg=="
		},
		"node_modules/lru-cache": {
			"version": "6.0.0",
			"resolved": "https://registry.npmjs.org/lru-cache/-/lru-cache-6.0.0.tgz",
			"integrity": "sha512-Jo6dJ04CmSjuznwJSS3pUeWmd/H0ffTlkXXgwZi+eq1UCmqQwCh+eLsYOYCwY991i2Fah4h1BEMCx4qThGbsiA==",
			"dependencies": {
				"yallist": "^4.0.0"
			},
			"engines": {
				"node": ">=10"
			}
		},
		"node_modules/moment": {
			"version": "2.29.4",
			"resolved": "https://registry.npmjs.org/moment/-/moment-2.29.4.tgz",
			"integrity": "sha512-5LC9SOxjSc2HF6vO2CyuTDNivEdoz2IvyJJGj6X8DJ0eFyfszE0QiEd+iXmBvUP3WHxSjFH/vIsA0EN00cgr8w==",
			"engines": {
				"node": "*"
			}
		},
		"node_modules/moment-timezone": {
			"version": "0.5.43",
			"resolved": "https://registry.npmjs.org/moment-timezone/-/moment-timezone-0.5.43.tgz",
			"integrity": "sha512-72j3aNyuIsDxdF1i7CEgV2FfxM1r6aaqJyLB2vwb33mXYyoyLly+F1zbWqhA3/bVIoJ4szlUoMbUnVdid32NUQ==",
			"dependencies": {
				"moment": "^2.29.4"
			},
			"engines": {
				"node": "*"
			}
		},
		"node_modules/ms": {
			"version": "2.1.2",
			"resolved": "https://registry.npmjs.org/ms/-/ms-2.1.2.tgz",
			"integrity": "sha512-sGkPx+VjMtmA6MX27oA4FBFELFCZZ4S4XqeGOXCv68tT+jb3vk/RyaKWP0PTKyWtmLSM0b+adUTEvbs1PEaH2w=="
		},
		"node_modules/object-hash": {
			"version": "2.2.0",
			"resolved": "https://registry.npmjs.org/object-hash/-/object-hash-2.2.0.tgz",
			"integrity": "sha512-gScRMn0bS5fH+IuwyIFgnh9zBdo4DV+6GhygmWM9HyNJSgS0hScp1f5vjtm7oIIOiT9trXrShAkLFSc2IqKNgw==",
			"engines": {
				"node": ">= 6"
			}
		},
		"node_modules/pg-connection-string": {
			"version": "2.6.2",
			"resolved": "https://registry.npmjs.org/pg-connection-string/-/pg-connection-string-2.6.2.tgz",
			"integrity": "sha512-ch6OwaeaPYcova4kKZ15sbJ2hKb/VP48ZD2gE7i1J+L4MspCtBMAx8nMgz7bksc7IojCIIWuEhHibSMFH8m8oA=="
		},
		"node_modules/retry-as-promised": {
			"version": "7.0.4",
			"resolved": "https://registry.npmjs.org/retry-as-promised/-/retry-as-promised-7.0.4.tgz",
			"integrity": "sha512-XgmCoxKWkDofwH8WddD0w85ZfqYz+ZHlr5yo+3YUCfycWawU56T5ckWXsScsj5B8tqUcIG67DxXByo3VUgiAdA=="
		},
		"node_modules/semver": {
			"version": "7.5.4",
			"resolved": "https://registry.npmjs.org/semver/-/semver-7.5.4.tgz",
			"integrity": "sha512-1bCSESV6Pv+i21Hvpxp3Dx+pSD8lIPt8uVjRrxAUt/nbswYc+tK6Y2btiULjd4+fnq15PX+nqQDC7Oft7WkwcA==",
			"dependencies": {
				"lru-cache": "^6.0.0"
			},
			"bin": {
				"semver": "bin/semver.js"
			},
			"engines": {
				"node": ">=10"
			}
		},
		"node_modules/sequelize": {
			"version": "6.35.1",
			"resolved": "https://registry.npmjs.org/sequelize/-/sequelize-6.35.1.tgz",
			"integrity": "sha512-UlP5k33nJsN11wCDLaWZXw9bB8w4ESKc5QmG6D04qMimwBwKVNeqRJiaaBlEJdtg8cRK+OJh95dliP+uEi+g9Q==",
			"funding": [
				{
					"type": "opencollective",
					"url": "https://opencollective.com/sequelize"
				}
			],
			"dependencies": {
				"@types/debug": "^4.1.8",
				"@types/validator": "^13.7.17",
				"debug": "^4.3.4",
				"dottie": "^2.0.6",
				"inflection": "^1.13.4",
				"lodash": "^4.17.21",
				"moment": "^2.29.4",
				"moment-timezone": "^0.5.43",
				"pg-connection-string": "^2.6.1",
				"retry-as-promised": "^7.0.4",
				"semver": "^7.5.4",
				"sequelize-pool": "^7.1.0",
				"toposort-class": "^1.0.1",
				"uuid": "^8.3.2",
				"validator": "^13.9.0",
				"wkx": "^0.5.0"
			},
			"engines": {
				"node": ">=10.0.0"
			},
			"peerDependenciesMeta": {
				"ibm_db": {
					"optional": true
				},
				"mariadb": {
					"optional": true
				},
				"mysql2": {
					"optional": true
				},
				"oracledb": {
					"optional": true
				},
				"pg": {
					"optional": true
				},
				"pg-hstore": {
					"optional": true
				},
				"snowflake-sdk": {
					"optional": true
				},
				"sqlite3": {
					"optional": true
				},
				"tedious": {
					"optional": true
				}
			}
		},
		"node_modules/sequelize-pool": {
			"version": "7.1.0",
			"resolved": "https://registry.npmjs.org/sequelize-pool/-/sequelize-pool-7.1.0.tgz",
			"integrity": "sha512-G9c0qlIWQSK29pR/5U2JF5dDQeqqHRragoyahj/Nx4KOOQ3CPPfzxnfqFPCSB7x5UgjOgnZ61nSxz+fjDpRlJg==",
			"engines": {
				"node": ">= 10.0.0"
			}
		},
		"node_modules/toposort-class": {
			"version": "1.0.1",
			"resolved": "https://registry.npmjs.org/toposort-class/-/toposort-class-1.0.1.tgz",
			"integrity": "sha1-f/0feMi+KMO6Rc1OGj9e4ZO9mYg="
		},
		"node_modules/uuid": {
			"version": "8.3.2",
			"resolved": "https://registry.npmjs.org/uuid/-/uuid-8.3.2.tgz",
			"integrity": "sha512-+NYs2QeMWy+GWFOEm9xnn6HCDp0l7QBD7ml8zLUmJ+93Q5NF0NocErnwkTkXVFNiX3/fpC6afS8Dhb/gz7R7eg==",
			"bin": {
				"uuid": "dist/bin/uuid"
			}
		},
		"node_modules/validator": {
			"version": "13.11.0",
			"resolved": "https://registry.npmjs.org/validator/-/validator-13.11.0.tgz",
			"integrity": "sha512-Ii+sehpSfZy+At5nPdnyMhx78fEoPDkR2XW/zimHEL3MyGJQOCQ7WeP20jPYRz7ZCpcKLB21NxuXHF3bxjStBQ==",
			"engines": {
				"node": ">= 0.10"
			}
		},
		"node_modules/wkx": {
			"version": "0.5.0",
			"resolved": "https://registry.npmjs.org/wkx/-/wkx-0.5.0.tgz",
			"integrity": "sha512-Xng/d4Ichh8uN4l0FToV/258EjMGU9MGcA0HV2d9B/ZpZB3lqQm7nkOdZdm5GhKtLLhAE7PiVQwN4eN+2YJJUg==",
			"dependencies": {
				"@types/node": "*"
			}
		},
		"node_modules/yallist": {
			"version": "4.0.0",
			"resolved": "https://registry.npmjs.org/yallist/-/yallist-4.0.0.tgz",
			"integrity": "sha512-3wdGidZyq5PB084XLES5TpOSRA3wjXAlIWMhum2kRcv/41Sn2emQ0dycQW4uZXLejwKvg6EsvbdlVL+FYEct7A=="
		}
	},
	"dependencies": {
		"@types/debug": {
			"version": "4.1.12",
			"resolved": "https://registry.npmjs.org/@types/debug/-/debug-4.1.12.tgz",
			"integrity": "sha512-vIChWdVG3LG1SMxEvI/AK+FWJthlrqlTu7fbrlywTkkaONwk/UAGaULXRlf8vkzFBLVm0zkMdCquhL5aOjhXPQ==",
			"requires": {
				"@types/ms": "*"
			}
		},
		"@types/ms": {
			"version": "0.7.34",
			"resolved": "https://registry.npmjs.org/@types/ms/-/ms-0.7.34.tgz",
			"integrity": "sha512-nG96G3Wp6acyAgJqGasjODb+acrI7KltPiRxzHPXnP3NgI28bpQDRv53olbqGXbfcgF5aiiHmO3xpwEpS5Ld9g=="
		},
		"@types/node": {
			"version": "17.0.19",
			"resolved": "https://registry.npmjs.org/@types/node/-/node-17.0.19.tgz",
			"integrity": "sha512-PfeQhvcMR4cPFVuYfBN4ifG7p9c+Dlh3yUZR6k+5yQK7wX3gDgVxBly4/WkBRs9x4dmcy1TVl08SY67wwtEvmA=="
		},
		"@types/validator": {
			"version": "13.11.7",
			"resolved": "https://registry.npmjs.org/@types/validator/-/validator-13.11.7.tgz",
			"integrity": "sha512-q0JomTsJ2I5Mv7dhHhQLGjMvX0JJm5dyZ1DXQySIUzU1UlwzB8bt+R6+LODUbz0UDIOvEzGc28tk27gBJw2N8Q=="
		},
		"debug": {
			"version": "4.3.4",
			"resolved": "https://registry.npmjs.org/debug/-/debug-4.3.4.tgz",
			"integrity": "sha512-PRWFHuSU3eDtQJPvnNY7Jcket1j0t5OuOsFzPPzsekD52Zl8qUfFIPEiswXqIvHWGVHOgX+7G/vCNNhehwxfkQ==",
			"requires": {
				"ms": "2.1.2"
			}
		},
		"dotenv": {
			"version": "10.0.0",
			"resolved": "https://registry.npmjs.org/dotenv/-/dotenv-10.0.0.tgz",
			"integrity": "sha512-rlBi9d8jpv9Sf1klPjNfFAuWDjKLwTIJJ/VxtoTwIR6hnZxcEOQCZg2oIL3MWBYw5GpUDKOEnND7LXTbIpQ03Q=="
		},
		"dottie": {
			"version": "2.0.6",
			"resolved": "https://registry.npmjs.org/dottie/-/dottie-2.0.6.tgz",
			"integrity": "sha512-iGCHkfUc5kFekGiqhe8B/mdaurD+lakO9txNnTvKtA6PISrw86LgqHvRzWYPyoE2Ph5aMIrCw9/uko6XHTKCwA=="
		},
		"inflection": {
			"version": "1.13.4",
			"resolved": "https://registry.npmjs.org/inflection/-/inflection-1.13.4.tgz",
			"integrity": "sha512-6I/HUDeYFfuNCVS3td055BaXBwKYuzw7K3ExVMStBowKo9oOAMJIXIHvdyR3iboTCp1b+1i5DSkIZTcwIktuDw=="
		},
		"lodash": {
			"version": "4.17.21",
			"resolved": "https://registry.npmjs.org/lodash/-/lodash-4.17.21.tgz",
			"integrity": "sha512-v2kDEe57lecTulaDIuNTPy3Ry4gLGJ6Z1O3vE1krgXZNrsQ+LFTGHVxVjcXPs17LhbZVGedAJv8XZ1tvj5FvSg=="
		},
		"lru-cache": {
			"version": "6.0.0",
			"resolved": "https://registry.npmjs.org/lru-cache/-/lru-cache-6.0.0.tgz",
			"integrity": "sha512-Jo6dJ04CmSjuznwJSS3pUeWmd/H0ffTlkXXgwZi+eq1UCmqQwCh+eLsYOYCwY991i2Fah4h1BEMCx4qThGbsiA==",
			"requires": {
				"yallist": "^4.0.0"
			}
		},
		"moment": {
			"version": "2.29.4",
			"resolved": "https://registry.npmjs.org/moment/-/moment-2.29.4.tgz",
			"integrity": "sha512-5LC9SOxjSc2HF6vO2CyuTDNivEdoz2IvyJJGj6X8DJ0eFyfszE0QiEd+iXmBvUP3WHxSjFH/vIsA0EN00cgr8w=="
		},
		"moment-timezone": {
			"version": "0.5.43",
			"resolved": "https://registry.npmjs.org/moment-timezone/-/moment-timezone-0.5.43.tgz",
			"integrity": "sha512-72j3aNyuIsDxdF1i7CEgV2FfxM1r6aaqJyLB2vwb33mXYyoyLly+F1zbWqhA3/bVIoJ4szlUoMbUnVdid32NUQ==",
			"requires": {
				"moment": "^2.29.4"
			}
		},
		"ms": {
			"version": "2.1.2",
			"resolved": "https://registry.npmjs.org/ms/-/ms-2.1.2.tgz",
			"integrity": "sha512-sGkPx+VjMtmA6MX27oA4FBFELFCZZ4S4XqeGOXCv68tT+jb3vk/RyaKWP0PTKyWtmLSM0b+adUTEvbs1PEaH2w=="
		},
		"object-hash": {
			"version": "2.2.0",
			"resolved": "https://registry.npmjs.org/object-hash/-/object-hash-2.2.0.tgz",
			"integrity": "sha512-gScRMn0bS5fH+IuwyIFgnh9zBdo4DV+6GhygmWM9HyNJSgS0hScp1f5vjtm7oIIOiT9trXrShAkLFSc2IqKNgw=="
		},
		"pg-connection-string": {
			"version": "2.6.2",
			"resolved": "https://registry.npmjs.org/pg-connection-string/-/pg-connection-string-2.6.2.tgz",
			"integrity": "sha512-ch6OwaeaPYcova4kKZ15sbJ2hKb/VP48ZD2gE7i1J+L4MspCtBMAx8nMgz7bksc7IojCIIWuEhHibSMFH8m8oA=="
		},
		"retry-as-promised": {
			"version": "7.0.4",
			"resolved": "https://registry.npmjs.org/retry-as-promised/-/retry-as-promised-7.0.4.tgz",
			"integrity": "sha512-XgmCoxKWkDofwH8WddD0w85ZfqYz+ZHlr5yo+3YUCfycWawU56T5ckWXsScsj5B8tqUcIG67DxXByo3VUgiAdA=="
		},
		"semver": {
			"version": "7.5.4",
			"resolved": "https://registry.npmjs.org/semver/-/semver-7.5.4.tgz",
			"integrity": "sha512-1bCSESV6Pv+i21Hvpxp3Dx+pSD8lIPt8uVjRrxAUt/nbswYc+tK6Y2btiULjd4+fnq15PX+nqQDC7Oft7WkwcA==",
			"requires": {
				"lru-cache": "^6.0.0"
			}
		},
		"sequelize": {
			"version": "6.35.1",
			"resolved": "https://registry.npmjs.org/sequelize/-/sequelize-6.35.1.tgz",
			"integrity": "sha512-UlP5k33nJsN11wCDLaWZXw9bB8w4ESKc5QmG6D04qMimwBwKVNeqRJiaaBlEJdtg8cRK+OJh95dliP+uEi+g9Q==",
			"requires": {
				"@types/debug": "^4.1.8",
				"@types/validator": "^13.7.17",
				"debug": "^4.3.4",
				"dottie": "^2.0.6",
				"inflection": "^1.13.4",
				"lodash": "^4.17.21",
				"moment": "^2.29.4",
				"moment-timezone": "^0.5.43",
				"pg-connection-string": "^2.6.1",
				"retry-as-promised": "^7.0.4",
				"semver": "^7.5.4",
				"sequelize-pool": "^7.1.0",
				"toposort-class": "^1.0.1",
				"uuid": "^8.3.2",
				"validator": "^13.9.0",
				"wkx": "^0.5.0"
			}
		},
		"sequelize-pool": {
			"version": "7.1.0",
			"resolved": "https://registry.npmjs.org/sequelize-pool/-/sequelize-pool-7.1.0.tgz",
			"integrity": "sha512-G9c0qlIWQSK29pR/5U2JF5dDQeqqHRragoyahj/Nx4KOOQ3CPPfzxnfqFPCSB7x5UgjOgnZ61nSxz+fjDpRlJg=="
		},
		"toposort-class": {
			"version": "1.0.1",
			"resolved": "https://registry.npmjs.org/toposort-class/-/toposort-class-1.0.1.tgz",
			"integrity": "sha1-f/0feMi+KMO6Rc1OGj9e4ZO9mYg="
		},
		"uuid": {
			"version": "8.3.2",
			"resolved": "https://registry.npmjs.org/uuid/-/uuid-8.3.2.tgz",
			"integrity": "sha512-+NYs2QeMWy+GWFOEm9xnn6HCDp0l7QBD7ml8zLUmJ+93Q5NF0NocErnwkTkXVFNiX3/fpC6afS8Dhb/gz7R7eg=="
		},
		"validator": {
			"version": "13.11.0",
			"resolved": "https://registry.npmjs.org/validator/-/validator-13.11.0.tgz",
			"integrity": "sha512-Ii+sehpSfZy+At5nPdnyMhx78fEoPDkR2XW/zimHEL3MyGJQOCQ7WeP20jPYRz7ZCpcKLB21NxuXHF3bxjStBQ=="
		},
		"wkx": {
			"version": "0.5.0",
			"resolved": "https://registry.npmjs.org/wkx/-/wkx-0.5.0.tgz",
			"integrity": "sha512-Xng/d4Ichh8uN4l0FToV/258EjMGU9MGcA0HV2d9B/ZpZB3lqQm7nkOdZdm5GhKtLLhAE7PiVQwN4eN+2YJJUg==",
			"requires": {
				"@types/node": "*"
			}
		},
		"yallist": {
			"version": "4.0.0",
			"resolved": "https://registry.npmjs.org/yallist/-/yallist-4.0.0.tgz",
			"integrity": "sha512-3wdGidZyq5PB084XLES5TpOSRA3wjXAlIWMhum2kRcv/41Sn2emQ0dycQW4uZXLejwKvg6EsvbdlVL+FYEct7A=="
		}
	}
}
